// !$*UTF8*$!
{
	archiveVersion = 1;
	classes = {
	};
	objectVersion = 56;
	objects = {

/* Begin PBXBuildFile section */
		9677B500F5C9D80E2A9355A1 /* QoderGatewayConfig.swift in Sources */ = {isa = PBXBuildFile; fileRef = 52903A074BE6541670F1DDC1 /* QoderGatewayConfig.swift */; };
		46FF4055B685D52627D4D409 /* QoderGatewayConfigTests.swift in Sources */ = {isa = PBXBuildFile; fileRef = 490B9A3744870B3B10920C39 /* QoderGatewayConfigTests.swift */; };
		50C0DE042C3A86EA00QGW004 /* qodercn-gateway in Embed Qoder Gateway */ = {isa = PBXBuildFile; fileRef = 50C0DE032C3A86EA00QGW003 /* qodercn-gateway */; };
		7AE10C0220260AB0000000E2 /* AnimationMetricsTests.swift in Sources */ = {isa = PBXBuildFile; fileRef = 7AE10C0220260AB0000000E1 /* AnimationMetricsTests.swift */; };
		F101CE000000000000000077 /* DecisionModels.swift in Sources */ = {isa = PBXBuildFile; fileRef = F101CE000000000000000078 /* DecisionModels.swift */; };
		7B01000120260CD000000006 /* PreferencesWindow.swift in Sources */ = {isa = PBXBuildFile; fileRef = 7B01000120260CD000000005 /* PreferencesWindow.swift */; };
		7B01000120260CD000000008 /* PreferencesWindowController.swift in Sources */ = {isa = PBXBuildFile; fileRef = 7B01000120260CD000000007 /* PreferencesWindowController.swift */; };
		148901532DC9149900F2E06C /* Share.swift in Sources */ = {isa = PBXBuildFile; fileRef = 148901512DC9149900F2E06C /* Share.swift */; };
		148901542DC9149900F2E06C /* Share+View.swift in Sources */ = {isa = PBXBuildFile; fileRef = 148901522DC9149900F2E06C /* Share+View.swift */; };
		2700D8EE2C3CFD37005ACDDF /* Localizable.xcstrings in Resources */ = {isa = PBXBuildFile; fileRef = 2700D8ED2C3CFD37005ACDDF /* Localizable.xcstrings */; };
		47D3508A19FEBF9C05FB4210 /* LookInsideServer in Frameworks */ = {isa = PBXBuildFile; productRef = FCA8014702703782FB473265 /* LookInsideServer */; };
		501F0E8C2C59E6BD00F0113C /* Language.swift in Sources */ = {isa = PBXBuildFile; fileRef = 501F0E8B2C59E6BD00F0113C /* Language.swift */; };
		502E41D62C3CEC990060660E /* Ext+NSAlert.swift in Sources */ = {isa = PBXBuildFile; fileRef = 502E41D52C3CEC990060660E /* Ext+NSAlert.swift */; };
		503D8EBA2C3F838200E173FF /* NotchMenuView.swift in Sources */ = {isa = PBXBuildFile; fileRef = 503D8EB92C3F838200E173FF /* NotchMenuView.swift */; };
		504381882C3A86EC000ED325 /* Assets.xcassets in Resources */ = {isa = PBXBuildFile; fileRef = 504381872C3A86EC000ED325 /* Assets.xcassets */; };
		504381932C3A8755000ED325 /* main.swift in Sources */ = {isa = PBXBuildFile; fileRef = 504381922C3A8755000ED325 /* main.swift */; };
		504381992C3A8893000ED325 /* NotchWindow.swift in Sources */ = {isa = PBXBuildFile; fileRef = 504381982C3A8893000ED325 /* NotchWindow.swift */; };
		5043819B2C3A8A06000ED325 /* AppDelegate.swift in Sources */ = {isa = PBXBuildFile; fileRef = 5043819A2C3A8A06000ED325 /* AppDelegate.swift */; };
		504381A02C3A8BA1000ED325 /* NotchView.swift in Sources */ = {isa = PBXBuildFile; fileRef = 5043819F2C3A8BA1000ED325 /* NotchView.swift */; };
		504381A22C3A8BE0000ED325 /* Ext+NSScreen.swift in Sources */ = {isa = PBXBuildFile; fileRef = 504381A12C3A8BE0000ED325 /* Ext+NSScreen.swift */; };
		504381A42C3A8C7E000ED325 /* NotchWindowController.swift in Sources */ = {isa = PBXBuildFile; fileRef = 504381A32C3A8C7E000ED325 /* NotchWindowController.swift */; };
		504381A62C3A8CFD000ED325 /* NotchViewController.swift in Sources */ = {isa = PBXBuildFile; fileRef = 504381A52C3A8CFD000ED325 /* NotchViewController.swift */; };
		504381A82C3A926E000ED325 /* NotchViewModel.swift in Sources */ = {isa = PBXBuildFile; fileRef = 504381A72C3A926E000ED325 /* NotchViewModel.swift */; };
		504381AA2C3A9514000ED325 /* EventMonitor.swift in Sources */ = {isa = PBXBuildFile; fileRef = 504381A92C3A9514000ED325 /* EventMonitor.swift */; };
		504381AC2C3A95BD000ED325 /* EventMonitors.swift in Sources */ = {isa = PBXBuildFile; fileRef = 504381AB2C3A95BD000ED325 /* EventMonitors.swift */; };
		504381AF2C3ADFF2000ED325 /* NotchContentView.swift in Sources */ = {isa = PBXBuildFile; fileRef = 504381AE2C3ADFF2000ED325 /* NotchContentView.swift */; };
		7AE10C0220260AB000000001 /* ZoneSizeGuard.swift in Sources */ = {isa = PBXBuildFile; fileRef = 7AE10C0220260AB000000002 /* ZoneSizeGuard.swift */; };
		5044EE992C3B069200071C5C /* TrayDrop+View.swift in Sources */ = {isa = PBXBuildFile; fileRef = 5044EE982C3B069200071C5C /* TrayDrop+View.swift */; };
		5044EE9C2C3B082300071C5C /* Pow in Frameworks */ = {isa = PBXBuildFile; productRef = 5044EE9B2C3B082300071C5C /* Pow */; };
		5044EE9E2C3B0F3D00071C5C /* Ext+FileProvider.swift in Sources */ = {isa = PBXBuildFile; fileRef = 5044EE9D2C3B0F3D00071C5C /* Ext+FileProvider.swift */; };
		5044EEA02C3B116000071C5C /* PublishedPersist.swift in Sources */ = {isa = PBXBuildFile; fileRef = 5044EE9F2C3B116000071C5C /* PublishedPersist.swift */; };
		5044EEA22C3B126F00071C5C /* TrayDrop+DropItemView.swift in Sources */ = {isa = PBXBuildFile; fileRef = 5044EEA12C3B126F00071C5C /* TrayDrop+DropItemView.swift */; };
		5044EEA42C3B140F00071C5C /* Ext+URL.swift in Sources */ = {isa = PBXBuildFile; fileRef = 5044EEA32C3B140F00071C5C /* Ext+URL.swift */; };
		5044EEA72C3B174100071C5C /* BitCollections in Frameworks */ = {isa = PBXBuildFile; productRef = 5044EEA62C3B174100071C5C /* BitCollections */; };
		5044EEA92C3B174100071C5C /* Collections in Frameworks */ = {isa = PBXBuildFile; productRef = 5044EEA82C3B174100071C5C /* Collections */; };
		5044EEAB2C3B174100071C5C /* DequeModule in Frameworks */ = {isa = PBXBuildFile; productRef = 5044EEAA2C3B174100071C5C /* DequeModule */; };
		5044EEAD2C3B174100071C5C /* HashTreeCollections in Frameworks */ = {isa = PBXBuildFile; productRef = 5044EEAC2C3B174100071C5C /* HashTreeCollections */; };
		5044EEAF2C3B174100071C5C /* HeapModule in Frameworks */ = {isa = PBXBuildFile; productRef = 5044EEAE2C3B174100071C5C /* HeapModule */; };
		504A5D802C59EC2D004E8297 /* LaunchAtLogin in Frameworks */ = {isa = PBXBuildFile; productRef = 504A5D7F2C59EC2D004E8297 /* LaunchAtLogin */; };
		508C4DF22C631EF700642ADC /* InfoPlist.xcstrings in Resources */ = {isa = PBXBuildFile; fileRef = 508C4DF12C631EF700642ADC /* InfoPlist.xcstrings */; };
		50CB767E2C3BC8880070D5E6 /* NotchViewModel+Events.swift in Sources */ = {isa = PBXBuildFile; fileRef = 50CB767D2C3BC8880070D5E6 /* NotchViewModel+Events.swift */; };
		50E26E272C3AF5E9007CF247 /* TrayDrop.swift in Sources */ = {isa = PBXBuildFile; fileRef = 50E26E262C3AF5E9007CF247 /* TrayDrop.swift */; };
		50E26E292C3AF67B007CF247 /* TrayDrop+DropItem.swift in Sources */ = {isa = PBXBuildFile; fileRef = 50E26E282C3AF67B007CF247 /* TrayDrop+DropItem.swift */; };
		50EFDB522C3BF7B4002D3E0F /* Ext+NSImage.swift in Sources */ = {isa = PBXBuildFile; fileRef = 50EFDB512C3BF7B4002D3E0F /* Ext+NSImage.swift */; };
		60AD62872C579F4400299297 /* NotchSettingsView.swift in Sources */ = {isa = PBXBuildFile; fileRef = 60AD62862C579F4400299297 /* NotchSettingsView.swift */; };
		A1B2C3D4E5F6071829304051 /* Glass.swift in Sources */ = {isa = PBXBuildFile; fileRef = A1B2C3D4E5F6071829304050 /* Glass.swift */; };
		A1B2C3D4E5F6071829304053 /* SpinnerView.swift in Sources */ = {isa = PBXBuildFile; fileRef = A1B2C3D4E5F6071829304052 /* SpinnerView.swift */; };
		B1C2D3E4F506172839404153 /* AppPaths.swift in Sources */ = {isa = PBXBuildFile; fileRef = B1C2D3E4F506172839404152 /* AppPaths.swift */; };
		C1D2E3F4A506172839404155 /* AntigravityStore.swift in Sources */ = {isa = PBXBuildFile; fileRef = C1D2E3F4A506172839404154 /* AntigravityStore.swift */; };
		C1D2E3F4A506172839404201 /* UsageStore.swift in Sources */ = {isa = PBXBuildFile; fileRef = C1D2E3F4A506172839404200 /* UsageStore.swift */; };
		C1D2E3F4A506172839404157 /* AntigravityAccountsCardView.swift in Sources */ = {isa = PBXBuildFile; fileRef = C1D2E3F4A506172839404156 /* AntigravityAccountsCardView.swift */; };
		C1D2E3F4A506172839404159 /* AntigravityProxyCardView.swift in Sources */ = {isa = PBXBuildFile; fileRef = C1D2E3F4A506172839404158 /* AntigravityProxyCardView.swift */; };
		D4E5F6071839404152000002 /* ScrollSwipeResolver.swift in Sources */ = {isa = PBXBuildFile; fileRef = D4E5F6071839404152000001 /* ScrollSwipeResolver.swift */; };
		F1E2D3C4B5A6071829304101 /* TokenZoneView.swift in Sources */ = {isa = PBXBuildFile; fileRef = F1E2D3C4B5A6071829304100 /* TokenZoneView.swift */; };
		B7C8D3E4F5A6071829304101 /* iOSPageIndicator.swift in Sources */ = {isa = PBXBuildFile; fileRef = B7C8D3E4F5A6071829304100 /* iOSPageIndicator.swift */; };
		D0E1F2A3B4C5071829304101 /* OverviewPageView.swift in Sources */ = {isa = PBXBuildFile; fileRef = D0E1F2A3B4C5071829304100 /* OverviewPageView.swift */; };
		C9D0E1F2A3B4071829304101 /* NotchRootView.swift in Sources */ = {isa = PBXBuildFile; fileRef = C9D0E1F2A3B4071829304100 /* NotchRootView.swift */; };
		C1D2E3F4A506172839404303 /* IslandMetrics.swift in Sources */ = {isa = PBXBuildFile; fileRef = C1D2E3F4A506172839404302 /* IslandMetrics.swift */; };
		7AE10C0220260AB000000D1 /* AppPathsTests.swift in Sources */ = {isa = PBXBuildFile; fileRef = 7AE10C0220260AB000000C1 /* AppPathsTests.swift */; };
		7AE10C0220260AB000000D2 /* ContentZoneSwitcherTests.swift in Sources */ = {isa = PBXBuildFile; fileRef = 7AE10C0220260AB000000C2 /* ContentZoneSwitcherTests.swift */; };
		7AE10C0220260AB000000D3 /* AntigravityStoreTests.swift in Sources */ = {isa = PBXBuildFile; fileRef = 7AE10C0220260AB000000C3 /* AntigravityStoreTests.swift */; };
		7AE10C0220260AB000000D4 /* ScrollSwipeResolverTests.swift in Sources */ = {isa = PBXBuildFile; fileRef = 7AE10C0220260AB000000C4 /* ScrollSwipeResolverTests.swift */; };
		7AE10C0220260AB000000D5 /* TabMetricsTests.swift in Sources */ = {isa = PBXBuildFile; fileRef = 7AE10C0220260AB000000C5 /* TabMetricsTests.swift */; };
		7AE10C0220260AB000000D6 /* TrayDropTests.swift in Sources */ = {isa = PBXBuildFile; fileRef = 7AE10C0220260AB000000C6 /* TrayDropTests.swift */; };
		7AE10C0220260AB000000D7 /* ZoneSizeGuardTests.swift in Sources */ = {isa = PBXBuildFile; fileRef = 7AE10C0220260AB000000C7 /* ZoneSizeGuardTests.swift */; };
		7AE10C0220260AB000000D8 /* UsageStoreTests.swift in Sources */ = {isa = PBXBuildFile; fileRef = 7AE10C0220260AB000000C8 /* UsageStoreTests.swift */; };
		7AE10C0220260AB000000D9 /* IslandMetricsTests.swift in Sources */ = {isa = PBXBuildFile; fileRef = 7AE10C0220260AB000000C9 /* IslandMetricsTests.swift */; };
		7AE10C0220260AB000000DA /* AntigravityProxyStoreTests.swift in Sources */ = {isa = PBXBuildFile; fileRef = 7AE10C0220260AB000000CA /* AntigravityProxyStoreTests.swift */; };
		F101CE000000000000000003 /* SignalPipeline.swift in Sources */ = {isa = PBXBuildFile; fileRef = F101CE000000000000000004 /* SignalPipeline.swift */; };
		F101CE000000000000000009 /* ConfigStore.swift in Sources */ = {isa = PBXBuildFile; fileRef = F101CE00000000000000000A /* ConfigStore.swift */; };
		F101CE00000000000000000B /* RingBuffer.swift in Sources */ = {isa = PBXBuildFile; fileRef = F101CE00000000000000000C /* RingBuffer.swift */; };
		F101CE00000000000000000D /* LEDeviceInfo.swift in Sources */ = {isa = PBXBuildFile; fileRef = F101CE00000000000000000E /* LEDeviceInfo.swift */; };
		F101CE00000000000000000F /* appleDeviceNames.swift in Sources */ = {isa = PBXBuildFile; fileRef = F101CE000000000000000010 /* appleDeviceNames.swift */; };
		F101CE000000000000000011 /* iMessageNotifier.swift in Sources */ = {isa = PBXBuildFile; fileRef = F101CE000000000000000012 /* iMessageNotifier.swift */; };
		F101CE000000000000000013 /* IMMessageComposer.swift in Sources */ = {isa = PBXBuildFile; fileRef = F101CE000000000000000014 /* IMMessageComposer.swift */; };
		F101CE000000000000000015 /* Log.swift in Sources */ = {isa = PBXBuildFile; fileRef = F101CE000000000000000016 /* Log.swift */; };
		F101CE000000000000000017 /* DebugLog.swift in Sources */ = {isa = PBXBuildFile; fileRef = F101CE000000000000000018 /* DebugLog.swift */; };
		F101CE000000000000000019 /* InputActivityMonitor.swift in Sources */ = {isa = PBXBuildFile; fileRef = F101CE00000000000000001A /* InputActivityMonitor.swift */; };
		F101CE00000000000000001D /* TimingLog.swift in Sources */ = {isa = PBXBuildFile; fileRef = F101CE00000000000000001E /* TimingLog.swift */; };
		F101CE000000000000000021 /* SystemInteractionService.swift in Sources */ = {isa = PBXBuildFile; fileRef = F101CE000000000000000022 /* SystemInteractionService.swift */; };
		F101CE000000000000000023 /* SecurityService.swift in Sources */ = {isa = PBXBuildFile; fileRef = F101CE000000000000000024 /* SecurityService.swift */; };
		F101CE000000000000000025 /* lowlevel.c in Sources */ = {isa = PBXBuildFile; fileRef = F101CE000000000000000026 /* lowlevel.c */; };
		F101CE00000000000000002B /* ConfigStoreTests.swift in Sources */ = {isa = PBXBuildFile; fileRef = F101CE00000000000000002C /* ConfigStoreTests.swift */; };
		F101CE000000000000000033 /* IMMessageComposerTests.swift in Sources */ = {isa = PBXBuildFile; fileRef = F101CE000000000000000034 /* IMMessageComposerTests.swift */; };
		F101CE000000000000000035 /* ReasonActionMappingTests.swift in Sources */ = {isa = PBXBuildFile; fileRef = F101CE000000000000000036 /* ReasonActionMappingTests.swift */; };
		F101CE000000000000000037 /* iMessageNotifierTests.swift in Sources */ = {isa = PBXBuildFile; fileRef = F101CE000000000000000038 /* iMessageNotifierTests.swift */; };
		F101CE00000000000000003F /* SystemEffects.swift in Sources */ = {isa = PBXBuildFile; fileRef = F101CE000000000000000040 /* SystemEffects.swift */; };
		F101CE000000000000000043 /* DiagTimeline.swift in Sources */ = {isa = PBXBuildFile; fileRef = F101CE000000000000000044 /* DiagTimeline.swift */; };
		F101CE000000000000000049 /* PermissionGuide.swift in Sources */ = {isa = PBXBuildFile; fileRef = F101CE000000000000000050 /* PermissionGuide.swift */; };
		F101CE000000000000000051 /* PermissionGuideTests.swift in Sources */ = {isa = PBXBuildFile; fileRef = F101CE000000000000000052 /* PermissionGuideTests.swift */; };
		F101CE000000000000000045 /* DiagTimelineTests.swift in Sources */ = {isa = PBXBuildFile; fileRef = F101CE000000000000000046 /* DiagTimelineTests.swift */; };
		F101CE000000000000000055 /* DesignSystemTests.swift in Sources */ = {isa = PBXBuildFile; fileRef = F101CE000000000000000054 /* DesignSystemTests.swift */; };
		7B01000120260CD00000000A /* DesignSystem.swift in Sources */ = {isa = PBXBuildFile; fileRef = 7B01000120260CD000000009 /* DesignSystem.swift */; };
		F101CE000000000000000057 /* SmoothNotchShape.swift in Sources */ = {isa = PBXBuildFile; fileRef = F101CE000000000000000056 /* SmoothNotchShape.swift */; };
		F101CE00000000000000005A /* TokenFormatUtilsTests.swift in Sources */ = {isa = PBXBuildFile; fileRef = F101CE000000000000000059 /* TokenFormatUtilsTests.swift */; };
		F101CE00000000000000005C /* TokenFormatUtils.swift in Sources */ = {isa = PBXBuildFile; fileRef = F101CE00000000000000005B /* TokenFormatUtils.swift */; };
/* End PBXBuildFile section */

/* Begin PBXContainerItemProxy section */
		7AE10C0220260AB0000000B1 /* PBXContainerItemProxy */ = {
			isa = PBXContainerItemProxy;
			containerPortal = 504381782C3A86EA000ED325 /* Project object */;
			proxyType = 1;
			remoteGlobalIDString = 5043817F2C3A86EA000ED325;
			remoteInfo = NotchDrop;
		};
/* End PBXContainerItemProxy section */

/* Begin PBXFileReference section */
		52903A074BE6541670F1DDC1 /* QoderGatewayConfig.swift */ = {isa = PBXFileReference; lastKnownFileType = sourcecode.swift; path = QoderGatewayConfig.swift; sourceTree = "<group>"; };
		490B9A3744870B3B10920C39 /* QoderGatewayConfigTests.swift */ = {isa = PBXFileReference; lastKnownFileType = sourcecode.swift; path = QoderGatewayConfigTests.swift; sourceTree = "<group>"; };
		50C0DE032C3A86EA00QGW003 /* qodercn-gateway */ = {isa = PBXFileReference; explicitFileType = "compiled.mach-o.executable"; includeInIndex = 0; path = "qodercn-gateway"; sourceTree = BUILT_PRODUCTS_DIR; };
		F101CE000000000000000078 /* DecisionModels.swift */ = {isa = PBXFileReference; lastKnownFileType = sourcecode.swift; path = DecisionModels.swift; sourceTree = "<group>"; };
		7B01000120260CD000000005 /* PreferencesWindow.swift */ = {isa = PBXFileReference; lastKnownFileType = sourcecode.swift; path = PreferencesWindow.swift; sourceTree = "<group>"; };
		7B01000120260CD000000007 /* PreferencesWindowController.swift */ = {isa = PBXFileReference; lastKnownFileType = sourcecode.swift; path = PreferencesWindowController.swift; sourceTree = "<group>"; };
		148901512DC9149900F2E06C /* Share.swift */ = {isa = PBXFileReference; lastKnownFileType = sourcecode.swift; path = Share.swift; sourceTree = "<group>"; };
		148901522DC9149900F2E06C /* Share+View.swift */ = {isa = PBXFileReference; lastKnownFileType = sourcecode.swift; path = "Share+View.swift"; sourceTree = "<group>"; };
		2700D8ED2C3CFD37005ACDDF /* Localizable.xcstrings */ = {isa = PBXFileReference; lastKnownFileType = text.json.xcstrings; path = Localizable.xcstrings; sourceTree = "<group>"; };
		501F0E8B2C59E6BD00F0113C /* Language.swift */ = {isa = PBXFileReference; lastKnownFileType = sourcecode.swift; path = Language.swift; sourceTree = "<group>"; };
		502E41D52C3CEC990060660E /* Ext+NSAlert.swift */ = {isa = PBXFileReference; lastKnownFileType = sourcecode.swift; path = "Ext+NSAlert.swift"; sourceTree = "<group>"; };
		503D8EB92C3F838200E173FF /* NotchMenuView.swift */ = {isa = PBXFileReference; lastKnownFileType = sourcecode.swift; path = NotchMenuView.swift; sourceTree = "<group>"; };
		504381802C3A86EA000ED325 /* NotchDrop.app */ = {isa = PBXFileReference; explicitFileType = wrapper.application; includeInIndex = 0; path = NotchDrop.app; sourceTree = BUILT_PRODUCTS_DIR; };
		504381872C3A86EC000ED325 /* Assets.xcassets */ = {isa = PBXFileReference; lastKnownFileType = folder.assetcatalog; path = Assets.xcassets; sourceTree = "<group>"; };
		5043818C2C3A86EC000ED325 /* NotchDrop.entitlements */ = {isa = PBXFileReference; lastKnownFileType = text.plist.entitlements; path = NotchDrop.entitlements; sourceTree = "<group>"; };
		504381922C3A8755000ED325 /* main.swift */ = {isa = PBXFileReference; lastKnownFileType = sourcecode.swift; path = main.swift; sourceTree = "<group>"; };
		504381982C3A8893000ED325 /* NotchWindow.swift */ = {isa = PBXFileReference; lastKnownFileType = sourcecode.swift; path = NotchWindow.swift; sourceTree = "<group>"; };
		5043819A2C3A8A06000ED325 /* AppDelegate.swift */ = {isa = PBXFileReference; lastKnownFileType = sourcecode.swift; path = AppDelegate.swift; sourceTree = "<group>"; };
		5043819F2C3A8BA1000ED325 /* NotchView.swift */ = {isa = PBXFileReference; lastKnownFileType = sourcecode.swift; path = NotchView.swift; sourceTree = "<group>"; };
		504381A12C3A8BE0000ED325 /* Ext+NSScreen.swift */ = {isa = PBXFileReference; lastKnownFileType = sourcecode.swift; path = "Ext+NSScreen.swift"; sourceTree = "<group>"; };
		504381A32C3A8C7E000ED325 /* NotchWindowController.swift */ = {isa = PBXFileReference; lastKnownFileType = sourcecode.swift; path = NotchWindowController.swift; sourceTree = "<group>"; };
		504381A52C3A8CFD000ED325 /* NotchViewController.swift */ = {isa = PBXFileReference; lastKnownFileType = sourcecode.swift; path = NotchViewController.swift; sourceTree = "<group>"; };
		504381A72C3A926E000ED325 /* NotchViewModel.swift */ = {isa = PBXFileReference; lastKnownFileType = sourcecode.swift; path = NotchViewModel.swift; sourceTree = "<group>"; };
		504381A92C3A9514000ED325 /* EventMonitor.swift */ = {isa = PBXFileReference; lastKnownFileType = sourcecode.swift; path = EventMonitor.swift; sourceTree = "<group>"; };
		504381AB2C3A95BD000ED325 /* EventMonitors.swift */ = {isa = PBXFileReference; lastKnownFileType = sourcecode.swift; path = EventMonitors.swift; sourceTree = "<group>"; };
		504381AE2C3ADFF2000ED325 /* NotchContentView.swift */ = {isa = PBXFileReference; lastKnownFileType = sourcecode.swift; path = NotchContentView.swift; sourceTree = "<group>"; };
		7AE10C0220260AB000000002 /* ZoneSizeGuard.swift */ = {isa = PBXFileReference; lastKnownFileType = sourcecode.swift; path = ZoneSizeGuard.swift; sourceTree = "<group>"; };
		5044EE982C3B069200071C5C /* TrayDrop+View.swift */ = {isa = PBXFileReference; lastKnownFileType = sourcecode.swift; path = "TrayDrop+View.swift"; sourceTree = "<group>"; };
		5044EE9D2C3B0F3D00071C5C /* Ext+FileProvider.swift */ = {isa = PBXFileReference; lastKnownFileType = sourcecode.swift; path = "Ext+FileProvider.swift"; sourceTree = "<group>"; };
		5044EE9F2C3B116000071C5C /* PublishedPersist.swift */ = {isa = PBXFileReference; lastKnownFileType = sourcecode.swift; path = PublishedPersist.swift; sourceTree = "<group>"; };
		5044EEA12C3B126F00071C5C /* TrayDrop+DropItemView.swift */ = {isa = PBXFileReference; lastKnownFileType = sourcecode.swift; path = "TrayDrop+DropItemView.swift"; sourceTree = "<group>"; };
		5044EEA32C3B140F00071C5C /* Ext+URL.swift */ = {isa = PBXFileReference; lastKnownFileType = sourcecode.swift; path = "Ext+URL.swift"; sourceTree = "<group>"; };
		508C4DF12C631EF700642ADC /* InfoPlist.xcstrings */ = {isa = PBXFileReference; lastKnownFileType = text.json.xcstrings; path = InfoPlist.xcstrings; sourceTree = "<group>"; };
		50CB767D2C3BC8880070D5E6 /* NotchViewModel+Events.swift */ = {isa = PBXFileReference; lastKnownFileType = sourcecode.swift; path = "NotchViewModel+Events.swift"; sourceTree = "<group>"; };
		50D7EFF22C3E484C005AC04E /* Info.plist */ = {isa = PBXFileReference; lastKnownFileType = text.plist; path = Info.plist; sourceTree = "<group>"; };
		50E26E262C3AF5E9007CF247 /* TrayDrop.swift */ = {isa = PBXFileReference; lastKnownFileType = sourcecode.swift; path = TrayDrop.swift; sourceTree = "<group>"; };
		50E26E282C3AF67B007CF247 /* TrayDrop+DropItem.swift */ = {isa = PBXFileReference; lastKnownFileType = sourcecode.swift; path = "TrayDrop+DropItem.swift"; sourceTree = "<group>"; };
		50EFDB512C3BF7B4002D3E0F /* Ext+NSImage.swift */ = {isa = PBXFileReference; lastKnownFileType = sourcecode.swift; path = "Ext+NSImage.swift"; sourceTree = "<group>"; };
		60AD62862C579F4400299297 /* NotchSettingsView.swift */ = {isa = PBXFileReference; lastKnownFileType = sourcecode.swift; path = NotchSettingsView.swift; sourceTree = "<group>"; };
		A1B2C3D4E5F6071829304050 /* Glass.swift */ = {isa = PBXFileReference; lastKnownFileType = sourcecode.swift; path = Glass.swift; sourceTree = "<group>"; };
		A1B2C3D4E5F6071829304052 /* SpinnerView.swift */ = {isa = PBXFileReference; lastKnownFileType = sourcecode.swift; path = SpinnerView.swift; sourceTree = "<group>"; };
		B1C2D3E4F506172839404152 /* AppPaths.swift */ = {isa = PBXFileReference; lastKnownFileType = sourcecode.swift; path = AppPaths.swift; sourceTree = "<group>"; };
		C1D2E3F4A506172839404154 /* AntigravityStore.swift */ = {isa = PBXFileReference; lastKnownFileType = sourcecode.swift; path = AntigravityStore.swift; sourceTree = "<group>"; };
		C1D2E3F4A506172839404200 /* UsageStore.swift */ = {isa = PBXFileReference; lastKnownFileType = sourcecode.swift; path = UsageStore.swift; sourceTree = "<group>"; };
		C1D2E3F4A506172839404156 /* AntigravityAccountsCardView.swift */ = {isa = PBXFileReference; lastKnownFileType = sourcecode.swift; path = AntigravityAccountsCardView.swift; sourceTree = "<group>"; };
		C1D2E3F4A506172839404158 /* AntigravityProxyCardView.swift */ = {isa = PBXFileReference; lastKnownFileType = sourcecode.swift; path = AntigravityProxyCardView.swift; sourceTree = "<group>"; };
		D4E5F6071839404152000001 /* ScrollSwipeResolver.swift */ = {isa = PBXFileReference; lastKnownFileType = sourcecode.swift; path = ScrollSwipeResolver.swift; sourceTree = "<group>"; };
		F1E2D3C4B5A6071829304100 /* TokenZoneView.swift */ = {isa = PBXFileReference; lastKnownFileType = sourcecode.swift; path = TokenZoneView.swift; sourceTree = "<group>"; };
		B7C8D3E4F5A6071829304100 /* iOSPageIndicator.swift */ = {isa = PBXFileReference; lastKnownFileType = sourcecode.swift; path = iOSPageIndicator.swift; sourceTree = "<group>"; };
		D0E1F2A3B4C5071829304100 /* OverviewPageView.swift */ = {isa = PBXFileReference; lastKnownFileType = sourcecode.swift; path = OverviewPageView.swift; sourceTree = "<group>"; };
		C9D0E1F2A3B4071829304100 /* NotchRootView.swift */ = {isa = PBXFileReference; lastKnownFileType = sourcecode.swift; path = NotchRootView.swift; sourceTree = "<group>"; };
		C1D2E3F4A506172839404302 /* IslandMetrics.swift */ = {isa = PBXFileReference; lastKnownFileType = sourcecode.swift; path = IslandMetrics.swift; sourceTree = "<group>"; };
		7AE10C0220260AB000000C1 /* AppPathsTests.swift */ = {isa = PBXFileReference; lastKnownFileType = sourcecode.swift; path = AppPathsTests.swift; sourceTree = "<group>"; };
			7AE10C0220260AB0000000E1 /* AnimationMetricsTests.swift */ = {isa = PBXFileReference; lastKnownFileType = sourcecode.swift; path = AnimationMetricsTests.swift; sourceTree = "<group>"; };
		7AE10C0220260AB000000C2 /* ContentZoneSwitcherTests.swift */ = {isa = PBXFileReference; lastKnownFileType = sourcecode.swift; path = ContentZoneSwitcherTests.swift; sourceTree = "<group>"; };
		7AE10C0220260AB000000C3 /* AntigravityStoreTests.swift */ = {isa = PBXFileReference; lastKnownFileType = sourcecode.swift; path = AntigravityStoreTests.swift; sourceTree = "<group>"; };
		7AE10C0220260AB000000C4 /* ScrollSwipeResolverTests.swift */ = {isa = PBXFileReference; lastKnownFileType = sourcecode.swift; path = ScrollSwipeResolverTests.swift; sourceTree = "<group>"; };
		7AE10C0220260AB000000C5 /* TabMetricsTests.swift */ = {isa = PBXFileReference; lastKnownFileType = sourcecode.swift; path = TabMetricsTests.swift; sourceTree = "<group>"; };
		7AE10C0220260AB000000C6 /* TrayDropTests.swift */ = {isa = PBXFileReference; lastKnownFileType = sourcecode.swift; path = TrayDropTests.swift; sourceTree = "<group>"; };
		7AE10C0220260AB000000C7 /* ZoneSizeGuardTests.swift */ = {isa = PBXFileReference; lastKnownFileType = sourcecode.swift; path = ZoneSizeGuardTests.swift; sourceTree = "<group>"; };
		7AE10C0220260AB000000C8 /* UsageStoreTests.swift */ = {isa = PBXFileReference; lastKnownFileType = sourcecode.swift; path = UsageStoreTests.swift; sourceTree = "<group>"; };
		7AE10C0220260AB000000C9 /* IslandMetricsTests.swift */ = {isa = PBXFileReference; lastKnownFileType = sourcecode.swift; path = IslandMetricsTests.swift; sourceTree = "<group>"; };
		7AE10C0220260AB000000CA /* AntigravityProxyStoreTests.swift */ = {isa = PBXFileReference; lastKnownFileType = sourcecode.swift; path = AntigravityProxyStoreTests.swift; sourceTree = "<group>"; };
		7AE10C0220260AB0000000A7 /* NotchEveryTests.xctest */ = {isa = PBXFileReference; explicitFileType = wrapper.cfbundle; includeInIndex = 0; path = NotchEveryTests.xctest; sourceTree = BUILT_PRODUCTS_DIR; };
		F101CE000000000000000004 /* SignalPipeline.swift */ = {isa = PBXFileReference; lastKnownFileType = sourcecode.swift; path = SignalPipeline.swift; sourceTree = "<group>"; };
		F101CE00000000000000000A /* ConfigStore.swift */ = {isa = PBXFileReference; lastKnownFileType = sourcecode.swift; path = ConfigStore.swift; sourceTree = "<group>"; };
		F101CE00000000000000000C /* RingBuffer.swift */ = {isa = PBXFileReference; lastKnownFileType = sourcecode.swift; path = RingBuffer.swift; sourceTree = "<group>"; };
		F101CE00000000000000000E /* LEDeviceInfo.swift */ = {isa = PBXFileReference; lastKnownFileType = sourcecode.swift; path = LEDeviceInfo.swift; sourceTree = "<group>"; };
		F101CE000000000000000010 /* appleDeviceNames.swift */ = {isa = PBXFileReference; lastKnownFileType = sourcecode.swift; path = appleDeviceNames.swift; sourceTree = "<group>"; };
		F101CE000000000000000012 /* iMessageNotifier.swift */ = {isa = PBXFileReference; lastKnownFileType = sourcecode.swift; path = iMessageNotifier.swift; sourceTree = "<group>"; };
		F101CE000000000000000014 /* IMMessageComposer.swift */ = {isa = PBXFileReference; lastKnownFileType = sourcecode.swift; path = IMMessageComposer.swift; sourceTree = "<group>"; };
		F101CE000000000000000016 /* Log.swift */ = {isa = PBXFileReference; lastKnownFileType = sourcecode.swift; path = Log.swift; sourceTree = "<group>"; };
		F101CE000000000000000018 /* DebugLog.swift */ = {isa = PBXFileReference; lastKnownFileType = sourcecode.swift; path = DebugLog.swift; sourceTree = "<group>"; };
		F101CE00000000000000001A /* InputActivityMonitor.swift */ = {isa = PBXFileReference; lastKnownFileType = sourcecode.swift; path = InputActivityMonitor.swift; sourceTree = "<group>"; };
		F101CE00000000000000001E /* TimingLog.swift */ = {isa = PBXFileReference; lastKnownFileType = sourcecode.swift; path = TimingLog.swift; sourceTree = "<group>"; };
		F101CE000000000000000022 /* SystemInteractionService.swift */ = {isa = PBXFileReference; lastKnownFileType = sourcecode.swift; path = SystemInteractionService.swift; sourceTree = "<group>"; };
		F101CE000000000000000024 /* SecurityService.swift */ = {isa = PBXFileReference; lastKnownFileType = sourcecode.swift; path = SecurityService.swift; sourceTree = "<group>"; };
		F101CE000000000000000026 /* lowlevel.c */ = {isa = PBXFileReference; lastKnownFileType = sourcecode.c.c; path = lowlevel.c; sourceTree = "<group>"; };
		F101CE000000000000000027 /* lowlevel.h */ = {isa = PBXFileReference; lastKnownFileType = sourcecode.c.h; path = lowlevel.h; sourceTree = "<group>"; };
		F101CE000000000000000028 /* NotchEvery-Bridging-Header.h */ = {isa = PBXFileReference; lastKnownFileType = sourcecode.c.h; path = NotchEvery-Bridging-Header.h; sourceTree = "<group>"; };
		F101CE00000000000000002C /* ConfigStoreTests.swift */ = {isa = PBXFileReference; lastKnownFileType = sourcecode.swift; path = ConfigStoreTests.swift; sourceTree = "<group>"; };
		F101CE000000000000000034 /* IMMessageComposerTests.swift */ = {isa = PBXFileReference; lastKnownFileType = sourcecode.swift; path = IMMessageComposerTests.swift; sourceTree = "<group>"; };
		F101CE000000000000000036 /* ReasonActionMappingTests.swift */ = {isa = PBXFileReference; lastKnownFileType = sourcecode.swift; path = ReasonActionMappingTests.swift; sourceTree = "<group>"; };
		F101CE000000000000000038 /* iMessageNotifierTests.swift */ = {isa = PBXFileReference; lastKnownFileType = sourcecode.swift; path = iMessageNotifierTests.swift; sourceTree = "<group>"; };
		F101CE000000000000000040 /* SystemEffects.swift */ = {isa = PBXFileReference; lastKnownFileType = sourcecode.swift; path = SystemEffects.swift; sourceTree = "<group>"; };
		F101CE000000000000000044 /* DiagTimeline.swift */ = {isa = PBXFileReference; lastKnownFileType = sourcecode.swift; path = DiagTimeline.swift; sourceTree = "<group>"; };
		F101CE000000000000000050 /* PermissionGuide.swift */ = {isa = PBXFileReference; lastKnownFileType = sourcecode.swift; path = PermissionGuide.swift; sourceTree = "<group>"; };
		F101CE000000000000000052 /* PermissionGuideTests.swift */ = {isa = PBXFileReference; lastKnownFileType = sourcecode.swift; path = PermissionGuideTests.swift; sourceTree = "<group>"; };
		F101CE000000000000000046 /* DiagTimelineTests.swift */ = {isa = PBXFileReference; lastKnownFileType = sourcecode.swift; path = DiagTimelineTests.swift; sourceTree = "<group>"; };
		F101CE000000000000000054 /* DesignSystemTests.swift */ = {isa = PBXFileReference; lastKnownFileType = sourcecode.swift; path = DesignSystemTests.swift; sourceTree = "<group>"; };
		7B01000120260CD000000009 /* DesignSystem.swift */ = {isa = PBXFileReference; lastKnownFileType = sourcecode.swift; path = DesignSystem.swift; sourceTree = "<group>"; };
		F101CE000000000000000056 /* SmoothNotchShape.swift */ = {isa = PBXFileReference; lastKnownFileType = sourcecode.swift; path = SmoothNotchShape.swift; sourceTree = "<group>"; };
		F101CE000000000000000059 /* TokenFormatUtilsTests.swift */ = {isa = PBXFileReference; lastKnownFileType = sourcecode.swift; path = TokenFormatUtilsTests.swift; sourceTree = "<group>"; };
		F101CE00000000000000005B /* TokenFormatUtils.swift */ = {isa = PBXFileReference; lastKnownFileType = sourcecode.swift; path = TokenFormatUtils.swift; sourceTree = "<group>"; };
/* End PBXFileReference section */

/* Begin PBXFrameworksBuildPhase section */
		5043817D2C3A86EA000ED325 /* Frameworks */ = {
			isa = PBXFrameworksBuildPhase;
			buildActionMask = 2147483647;
			files = (
				5044EEAD2C3B174100071C5C /* HashTreeCollections in Frameworks */,
				5044EE9C2C3B082300071C5C /* Pow in Frameworks */,
				5044EEAF2C3B174100071C5C /* HeapModule in Frameworks */,
				5044EEAB2C3B174100071C5C /* DequeModule in Frameworks */,
				5044EEA92C3B174100071C5C /* Collections in Frameworks */,
				504A5D802C59EC2D004E8297 /* LaunchAtLogin in Frameworks */,
				5044EEA72C3B174100071C5C /* BitCollections in Frameworks */,
				47D3508A19FEBF9C05FB4210 /* LookInsideServer in Frameworks */,
			);
			runOnlyForDeploymentPostprocessing = 0;
		};
/* End PBXFrameworksBuildPhase section */

/* Begin PBXGroup section */
		504381772C3A86EA000ED325 = {
			isa = PBXGroup;
			children = (
				504381822C3A86EA000ED325 /* NotchDrop */,
				7AE10C0220260AB0000000A6 /* Tests */,
				504381812C3A86EA000ED325 /* Products */,
				504381AD2C3ADDAB000ED325 /* Frameworks */,
			);
			sourceTree = "<group>";
		};
		504381812C3A86EA000ED325 /* Products */ = {
			isa = PBXGroup;
			children = (
				504381802C3A86EA000ED325 /* NotchDrop.app */,
				7AE10C0220260AB0000000A7 /* NotchEveryTests.xctest */,
			);
			name = Products;
			sourceTree = "<group>";
		};
		504381822C3A86EA000ED325 /* NotchDrop */ = {
			isa = PBXGroup;
			children = (
				52903A074BE6541670F1DDC1 /* QoderGatewayConfig.swift */,
				148901512DC9149900F2E06C /* Share.swift */,
				148901522DC9149900F2E06C /* Share+View.swift */,
				50D7EFF22C3E484C005AC04E /* Info.plist */,
				5043818C2C3A86EC000ED325 /* NotchDrop.entitlements */,
				2700D8ED2C3CFD37005ACDDF /* Localizable.xcstrings */,
				508C4DF12C631EF700642ADC /* InfoPlist.xcstrings */,
				504381872C3A86EC000ED325 /* Assets.xcassets */,
				504381922C3A8755000ED325 /* main.swift */,
				5043819A2C3A8A06000ED325 /* AppDelegate.swift */,
				F101CE000000000000000078 /* DecisionModels.swift */,
				501F0E8B2C59E6BD00F0113C /* Language.swift */,
				504381982C3A8893000ED325 /* NotchWindow.swift */,
				504381A32C3A8C7E000ED325 /* NotchWindowController.swift */,
				5043819F2C3A8BA1000ED325 /* NotchView.swift */,
				F101CE000000000000000056 /* SmoothNotchShape.swift */,
				C1D2E3F4A506172839404156 /* AntigravityAccountsCardView.swift */,
				C1D2E3F4A506172839404158 /* AntigravityProxyCardView.swift */,
				7B01000120260CD000000005 /* PreferencesWindow.swift */,
				7B01000120260CD000000007 /* PreferencesWindowController.swift */,
				7B01000120260CD000000009 /* DesignSystem.swift */,
				C1D2E3F4A506172839404154 /* AntigravityStore.swift */,
				C1D2E3F4A506172839404200 /* UsageStore.swift */,
				F101CE00000000000000005B /* TokenFormatUtils.swift */,
				B1C2D3E4F506172839404152 /* AppPaths.swift */,
				A1B2C3D4E5F6071829304050 /* Glass.swift */,
				A1B2C3D4E5F6071829304052 /* SpinnerView.swift */,
				B7C8D3E4F5A6071829304100 /* iOSPageIndicator.swift */,
				D0E1F2A3B4C5071829304100 /* OverviewPageView.swift */,
				C9D0E1F2A3B4071829304100 /* NotchRootView.swift */,
				C1D2E3F4A506172839404302 /* IslandMetrics.swift */,
				503D8EB92C3F838200E173FF /* NotchMenuView.swift */,
				504381AE2C3ADFF2000ED325 /* NotchContentView.swift */,
				7AE10C0220260AB000000002 /* ZoneSizeGuard.swift */,
				F1E2D3C4B5A6071829304100 /* TokenZoneView.swift */,
				60AD62862C579F4400299297 /* NotchSettingsView.swift */,
				504381A52C3A8CFD000ED325 /* NotchViewController.swift */,
				504381A72C3A926E000ED325 /* NotchViewModel.swift */,
				50CB767D2C3BC8880070D5E6 /* NotchViewModel+Events.swift */,
				504381A92C3A9514000ED325 /* EventMonitor.swift */,
				504381AB2C3A95BD000ED325 /* EventMonitors.swift */,
				50E26E262C3AF5E9007CF247 /* TrayDrop.swift */,
				50E26E282C3AF67B007CF247 /* TrayDrop+DropItem.swift */,
				5044EE982C3B069200071C5C /* TrayDrop+View.swift */,
				5044EEA12C3B126F00071C5C /* TrayDrop+DropItemView.swift */,
				5044EEA32C3B140F00071C5C /* Ext+URL.swift */,
				50EFDB512C3BF7B4002D3E0F /* Ext+NSImage.swift */,
				504381A12C3A8BE0000ED325 /* Ext+NSScreen.swift */,
				5044EE9D2C3B0F3D00071C5C /* Ext+FileProvider.swift */,
				502E41D52C3CEC990060660E /* Ext+NSAlert.swift */,
				5044EE9F2C3B116000071C5C /* PublishedPersist.swift */,
				D4E5F6071839404152000001 /* ScrollSwipeResolver.swift */,
				F101CE000000000000000040 /* SystemEffects.swift */,
				F101CE000000000000000044 /* DiagTimeline.swift */,
				F101CE000000000000000050 /* PermissionGuide.swift */,
				F101CE000000000000000004 /* SignalPipeline.swift */,
				F101CE00000000000000000A /* ConfigStore.swift */,
				F101CE00000000000000000C /* RingBuffer.swift */,
				F101CE00000000000000000E /* LEDeviceInfo.swift */,
				F101CE000000000000000010 /* appleDeviceNames.swift */,
				F101CE000000000000000012 /* iMessageNotifier.swift */,
				F101CE000000000000000014 /* IMMessageComposer.swift */,
				F101CE000000000000000016 /* Log.swift */,
				F101CE000000000000000018 /* DebugLog.swift */,
				F101CE00000000000000001A /* InputActivityMonitor.swift */,
				F101CE00000000000000001E /* TimingLog.swift */,
				F101CE000000000000000022 /* SystemInteractionService.swift */,
				F101CE000000000000000024 /* SecurityService.swift */,
				F101CE000000000000000026 /* lowlevel.c */,
				F101CE000000000000000027 /* lowlevel.h */,
				F101CE000000000000000028 /* NotchEvery-Bridging-Header.h */,
			);
			path = NotchDrop;
			sourceTree = "<group>";
		};
		504381AD2C3ADDAB000ED325 /* Frameworks */ = {
			isa = PBXGroup;
			children = (
			);
			name = Frameworks;
			sourceTree = "<group>";
		};
		7AE10C0220260AB0000000A6 /* Tests */ = {
			isa = PBXGroup;
			children = (
				490B9A3744870B3B10920C39 /* QoderGatewayConfigTests.swift */,
				7AE10C0220260AB0000000E1 /* AnimationMetricsTests.swift */,
				7AE10C0220260AB000000C1 /* AppPathsTests.swift */,
				7AE10C0220260AB000000C2 /* ContentZoneSwitcherTests.swift */,
				7AE10C0220260AB000000C3 /* AntigravityStoreTests.swift */,
				7AE10C0220260AB000000C4 /* ScrollSwipeResolverTests.swift */,
				7AE10C0220260AB000000C5 /* TabMetricsTests.swift */,
				7AE10C0220260AB000000C6 /* TrayDropTests.swift */,
				7AE10C0220260AB000000C8 /* UsageStoreTests.swift */,
				7AE10C0220260AB000000CA /* AntigravityProxyStoreTests.swift */,
				7AE10C0220260AB000000C9 /* IslandMetricsTests.swift */,
				7AE10C0220260AB000000C7 /* ZoneSizeGuardTests.swift */,
				F101CE000000000000000046 /* DiagTimelineTests.swift */,
				F101CE000000000000000052 /* PermissionGuideTests.swift */,
				F101CE00000000000000002C /* ConfigStoreTests.swift */,
				F101CE000000000000000034 /* IMMessageComposerTests.swift */,
				F101CE000000000000000036 /* ReasonActionMappingTests.swift */,
				F101CE000000000000000038 /* iMessageNotifierTests.swift */,
				F101CE000000000000000054 /* DesignSystemTests.swift */,
				F101CE000000000000000059 /* TokenFormatUtilsTests.swift */,
			);
			path = Tests;
			sourceTree = "<group>";
		};
/* End PBXGroup section */

/* Begin PBXNativeTarget section */
		5043817F2C3A86EA000ED325 /* NotchDrop */ = {
			isa = PBXNativeTarget;
			buildConfigurationList = 5043818F2C3A86EC000ED325 /* Build configuration list for PBXNativeTarget "NotchDrop" */;
			buildPhases = (
				50C0DE012C3A86EA00QGW001 /* Build Qoder Gateway */,
				5043817C2C3A86EA000ED325 /* Sources */,
				5043817D2C3A86EA000ED325 /* Frameworks */,
				5043817E2C3A86EA000ED325 /* Resources */,
				50C0DE022C3A86EA00QGW002 /* Embed Qoder Gateway */,
			);
			buildRules = (
			);
			dependencies = (
			);
			name = NotchDrop;
			packageProductDependencies = (
				5044EE9B2C3B082300071C5C /* Pow */,
				5044EEA62C3B174100071C5C /* BitCollections */,
				5044EEA82C3B174100071C5C /* Collections */,
				5044EEAA2C3B174100071C5C /* DequeModule */,
				5044EEAC2C3B174100071C5C /* HashTreeCollections */,
				5044EEAE2C3B174100071C5C /* HeapModule */,
				504A5D7F2C59EC2D004E8297 /* LaunchAtLogin */,
				FCA8014702703782FB473265 /* LookInsideServer */,
			);
			productName = NotchDrop;
			productReference = 504381802C3A86EA000ED325 /* NotchDrop.app */;
			productType = "com.apple.product-type.application";
		};
		7AE10C0220260AB0000000A1 /* NotchEveryTests */ = {
			isa = PBXNativeTarget;
			buildConfigurationList = 7AE10C0220260AB0000000A2 /* Build configuration list for PBXNativeTarget "NotchEveryTests" */;
			buildPhases = (
				7AE10C0220260AB0000000A5 /* Sources */,
			);
			buildRules = (
			);
			dependencies = (
				7AE10C0220260AB0000000B2 /* PBXTargetDependency */,
			);
			name = NotchEveryTests;
			packageProductDependencies = (
			);
			productName = NotchEveryTests;
			productReference = 7AE10C0220260AB0000000A7 /* NotchEveryTests.xctest */;
			productType = "com.apple.product-type.bundle.unit-test";
		};
/* End PBXNativeTarget section */

/* Begin PBXProject section */
		504381782C3A86EA000ED325 /* Project object */ = {
			isa = PBXProject;
			attributes = {
				BuildIndependentTargetsInParallel = 1;
				LastSwiftUpdateCheck = 1540;
				LastUpgradeCheck = 2600;
				TargetAttributes = {
					5043817F2C3A86EA000ED325 = {
						CreatedOnToolsVersion = 15.4;
					};
					7AE10C0220260AB0000000A1 = {
						TestTargetID = 5043817F2C3A86EA000ED325;
					};
				};
			};
			buildConfigurationList = 5043817B2C3A86EA000ED325 /* Build configuration list for PBXProject "NotchDrop" */;
			compatibilityVersion = "Xcode 14.0";
			developmentRegion = en;
			hasScannedForEncodings = 0;
			knownRegions = (
				en,
				Base,
				de,
				"zh-Hans",
				"zh-Hant",
				ja,
				fr,
			);
			mainGroup = 504381772C3A86EA000ED325;
			packageReferences = (
				5044EE9A2C3B082300071C5C /* XCRemoteSwiftPackageReference "Pow" */,
				5044EEA52C3B174100071C5C /* XCRemoteSwiftPackageReference "swift-collections" */,
				504A5D7E2C59EC2D004E8297 /* XCRemoteSwiftPackageReference "LaunchAtLogin-Modern" */,
				0D0639E6F8CE7937970B1241 /* XCRemoteSwiftPackageReference "LookInside-Release" */,
			);
			productRefGroup = 504381812C3A86EA000ED325 /* Products */;
			projectDirPath = "";
			projectRoot = "";
			targets = (
				5043817F2C3A86EA000ED325 /* NotchDrop */,
				7AE10C0220260AB0000000A1 /* NotchEveryTests */,
			);
		};
/* End PBXProject section */

/* Begin PBXResourcesBuildPhase section */
		5043817E2C3A86EA000ED325 /* Resources */ = {
			isa = PBXResourcesBuildPhase;
			buildActionMask = 2147483647;
			files = (
				508C4DF22C631EF700642ADC /* InfoPlist.xcstrings in Resources */,
				504381882C3A86EC000ED325 /* Assets.xcassets in Resources */,
				2700D8EE2C3CFD37005ACDDF /* Localizable.xcstrings in Resources */,
			);
			runOnlyForDeploymentPostprocessing = 0;
		};
/* End PBXResourcesBuildPhase section */

/* Begin PBXShellScriptBuildPhase section */
		50C0DE012C3A86EA00QGW001 /* Build Qoder Gateway */ = {
			isa = PBXShellScriptBuildPhase;
			buildActionMask = 2147483647;
			files = (
			);
			inputFileListPaths = (
			);
			inputPaths = (
			);
			name = "Build Qoder Gateway";
			outputFileListPaths = (
			);
			outputPaths = (
			);
			runOnlyForDeploymentPostprocessing = 0;
			shellPath = /bin/sh;
			shellScript = "\"${SRCROOT}/scripts/build-qoder-gateway.sh\"\n";
		};
/* End PBXShellScriptBuildPhase section */

/* Begin PBXCopyFilesBuildPhase section */
		50C0DE022C3A86EA00QGW002 /* Embed Qoder Gateway */ = {
			isa = PBXCopyFilesBuildPhase;
			buildActionMask = 2147483647;
			dstPath = "";
			dstSubfolderSpec = 6;
			files = (
				50C0DE042C3A86EA00QGW004 /* qodercn-gateway in Embed Qoder Gateway */,
			);
			name = "Embed Qoder Gateway";
			runOnlyForDeploymentPostprocessing = 0;
		};
/* End PBXCopyFilesBuildPhase section */


/* Begin PBXSourcesBuildPhase section */
		5043817C2C3A86EA000ED325 /* Sources */ = {
			isa = PBXSourcesBuildPhase;
			buildActionMask = 2147483647;
			files = (
				9677B500F5C9D80E2A9355A1 /* QoderGatewayConfig.swift in Sources */,
				504381992C3A8893000ED325 /* NotchWindow.swift in Sources */,
				5044EEA22C3B126F00071C5C /* TrayDrop+DropItemView.swift in Sources */,
				504381AF2C3ADFF2000ED325 /* NotchContentView.swift in Sources */,
				7AE10C0220260AB000000001 /* ZoneSizeGuard.swift in Sources */,
				F1E2D3C4B5A6071829304101 /* TokenZoneView.swift in Sources */,
				B7C8D3E4F5A6071829304101 /* iOSPageIndicator.swift in Sources */,
				D0E1F2A3B4C5071829304101 /* OverviewPageView.swift in Sources */,
				C9D0E1F2A3B4071829304101 /* NotchRootView.swift in Sources */,
				C1D2E3F4A506172839404303 /* IslandMetrics.swift in Sources */,
				504381A02C3A8BA1000ED325 /* NotchView.swift in Sources */,
				F101CE000000000000000057 /* SmoothNotchShape.swift in Sources */,
				503D8EBA2C3F838200E173FF /* NotchMenuView.swift in Sources */,
				50EFDB522C3BF7B4002D3E0F /* Ext+NSImage.swift in Sources */,
				50E26E272C3AF5E9007CF247 /* TrayDrop.swift in Sources */,
				5044EE9E2C3B0F3D00071C5C /* Ext+FileProvider.swift in Sources */,
				504381A42C3A8C7E000ED325 /* NotchWindowController.swift in Sources */,
				50E26E292C3AF67B007CF247 /* TrayDrop+DropItem.swift in Sources */,
				504381A22C3A8BE0000ED325 /* Ext+NSScreen.swift in Sources */,
				5044EEA42C3B140F00071C5C /* Ext+URL.swift in Sources */,
				5044EE992C3B069200071C5C /* TrayDrop+View.swift in Sources */,
				50CB767E2C3BC8880070D5E6 /* NotchViewModel+Events.swift in Sources */,
				504381AC2C3A95BD000ED325 /* EventMonitors.swift in Sources */,
				502E41D62C3CEC990060660E /* Ext+NSAlert.swift in Sources */,
				504381A62C3A8CFD000ED325 /* NotchViewController.swift in Sources */,
				504381AA2C3A9514000ED325 /* EventMonitor.swift in Sources */,
				501F0E8C2C59E6BD00F0113C /* Language.swift in Sources */,
				5043819B2C3A8A06000ED325 /* AppDelegate.swift in Sources */,
				F101CE000000000000000077 /* DecisionModels.swift in Sources */,
				148901532DC9149900F2E06C /* Share.swift in Sources */,
				148901542DC9149900F2E06C /* Share+View.swift in Sources */,
				504381932C3A8755000ED325 /* main.swift in Sources */,
				60AD62872C579F4400299297 /* NotchSettingsView.swift in Sources */,
				504381A82C3A926E000ED325 /* NotchViewModel.swift in Sources */,
				5044EEA02C3B116000071C5C /* PublishedPersist.swift in Sources */,
				C1D2E3F4A506172839404157 /* AntigravityAccountsCardView.swift in Sources */,
				C1D2E3F4A506172839404159 /* AntigravityProxyCardView.swift in Sources */,
				7B01000120260CD000000006 /* PreferencesWindow.swift in Sources */,
				7B01000120260CD000000008 /* PreferencesWindowController.swift in Sources */,
				7B01000120260CD00000000A /* DesignSystem.swift in Sources */,
				C1D2E3F4A506172839404155 /* AntigravityStore.swift in Sources */,
				C1D2E3F4A506172839404201 /* UsageStore.swift in Sources */,
				F101CE00000000000000005C /* TokenFormatUtils.swift in Sources */,
				B1C2D3E4F506172839404153 /* AppPaths.swift in Sources */,
				A1B2C3D4E5F6071829304051 /* Glass.swift in Sources */,
				A1B2C3D4E5F6071829304053 /* SpinnerView.swift in Sources */,
				D4E5F6071839404152000002 /* ScrollSwipeResolver.swift in Sources */,
				F101CE000000000000000003 /* SignalPipeline.swift in Sources */,
				F101CE000000000000000009 /* ConfigStore.swift in Sources */,
				F101CE00000000000000000B /* RingBuffer.swift in Sources */,
				F101CE00000000000000000D /* LEDeviceInfo.swift in Sources */,
				F101CE00000000000000000F /* appleDeviceNames.swift in Sources */,
				F101CE000000000000000011 /* iMessageNotifier.swift in Sources */,
				F101CE000000000000000013 /* IMMessageComposer.swift in Sources */,
				F101CE000000000000000015 /* Log.swift in Sources */,
				F101CE000000000000000017 /* DebugLog.swift in Sources */,
				F101CE000000000000000019 /* InputActivityMonitor.swift in Sources */,
				F101CE00000000000000001D /* TimingLog.swift in Sources */,
				F101CE000000000000000021 /* SystemInteractionService.swift in Sources */,
				F101CE000000000000000023 /* SecurityService.swift in Sources */,
				F101CE000000000000000025 /* lowlevel.c in Sources */,
				F101CE00000000000000003F /* SystemEffects.swift in Sources */,
				F101CE000000000000000043 /* DiagTimeline.swift in Sources */,
				F101CE000000000000000049 /* PermissionGuide.swift in Sources */,
			);
			runOnlyForDeploymentPostprocessing = 0;
		};
		7AE10C0220260AB0000000A5 /* Sources */ = {
			isa = PBXSourcesBuildPhase;
			buildActionMask = 2147483647;
			files = (
				46FF4055B685D52627D4D409 /* QoderGatewayConfigTests.swift in Sources */,
				7AE10C0220260AB0000000E2 /* AnimationMetricsTests.swift in Sources */,
				7AE10C0220260AB000000D1 /* AppPathsTests.swift in Sources */,
				7AE10C0220260AB000000D2 /* ContentZoneSwitcherTests.swift in Sources */,
				7AE10C0220260AB000000D3 /* AntigravityStoreTests.swift in Sources */,
				7AE10C0220260AB000000D4 /* ScrollSwipeResolverTests.swift in Sources */,
				7AE10C0220260AB000000D5 /* TabMetricsTests.swift in Sources */,
				7AE10C0220260AB000000D6 /* TrayDropTests.swift in Sources */,
				7AE10C0220260AB000000D8 /* UsageStoreTests.swift in Sources */,
				7AE10C0220260AB000000DA /* AntigravityProxyStoreTests.swift in Sources */,
				7AE10C0220260AB000000D9 /* IslandMetricsTests.swift in Sources */,
				7AE10C0220260AB000000D7 /* ZoneSizeGuardTests.swift in Sources */,
				F101CE00000000000000002B /* ConfigStoreTests.swift in Sources */,
				F101CE000000000000000033 /* IMMessageComposerTests.swift in Sources */,
				F101CE000000000000000035 /* ReasonActionMappingTests.swift in Sources */,
				F101CE000000000000000037 /* iMessageNotifierTests.swift in Sources */,
				F101CE000000000000000045 /* DiagTimelineTests.swift in Sources */,
				F101CE000000000000000051 /* PermissionGuideTests.swift in Sources */,
				F101CE000000000000000055 /* DesignSystemTests.swift in Sources */,
				F101CE00000000000000005A /* TokenFormatUtilsTests.swift in Sources */,
			);
			runOnlyForDeploymentPostprocessing = 0;
		};
/* End PBXSourcesBuildPhase section */

/* Begin PBXTargetDependency section */
		7AE10C0220260AB0000000B2 /* PBXTargetDependency */ = {
			isa = PBXTargetDependency;
			target = 5043817F2C3A86EA000ED325 /* NotchDrop */;
			targetProxy = 7AE10C0220260AB0000000B1 /* PBXContainerItemProxy */;
		};
/* End PBXTargetDependency section */

/* Begin XCBuildConfiguration section */
		5043818D2C3A86EC000ED325 /* Debug */ = {
			isa = XCBuildConfiguration;
			buildSettings = {
				ALWAYS_SEARCH_USER_PATHS = NO;
				ASSETCATALOG_COMPILER_GENERATE_SWIFT_ASSET_SYMBOL_EXTENSIONS = YES;
				CLANG_ANALYZER_LOCALIZABILITY_NONLOCALIZED = YES;
				CLANG_ANALYZER_NONNULL = YES;
				CLANG_ANALYZER_NUMBER_OBJECT_CONVERSION = YES_AGGRESSIVE;
				CLANG_CXX_LANGUAGE_STANDARD = "gnu++20";
				CLANG_ENABLE_MODULES = YES;
				CLANG_ENABLE_OBJC_ARC = YES;
				CLANG_ENABLE_OBJC_WEAK = YES;
				CLANG_WARN_BLOCK_CAPTURE_AUTORELEASING = YES;
				CLANG_WARN_BOOL_CONVERSION = YES;
				CLANG_WARN_COMMA = YES;
				CLANG_WARN_CONSTANT_CONVERSION = YES;
				CLANG_WARN_DEPRECATED_OBJC_IMPLEMENTATIONS = YES;
				CLANG_WARN_DIRECT_OBJC_ISA_USAGE = YES_ERROR;
				CLANG_WARN_DOCUMENTATION_COMMENTS = YES;
				CLANG_WARN_EMPTY_BODY = YES;
				CLANG_WARN_ENUM_CONVERSION = YES;
				CLANG_WARN_INFINITE_RECURSION = YES;
				CLANG_WARN_INT_CONVERSION = YES;
				CLANG_WARN_NON_LITERAL_NULL_CONVERSION = YES;
				CLANG_WARN_OBJC_IMPLICIT_RETAIN_SELF = YES;
				CLANG_WARN_OBJC_LITERAL_CONVERSION = YES;
				CLANG_WARN_OBJC_ROOT_CLASS = YES_ERROR;
				CLANG_WARN_QUOTED_INCLUDE_IN_FRAMEWORK_HEADER = YES;
				CLANG_WARN_RANGE_LOOP_ANALYSIS = YES;
				CLANG_WARN_STRICT_PROTOTYPES = YES;
				CLANG_WARN_SUSPICIOUS_MOVE = YES;
				CLANG_WARN_UNGUARDED_AVAILABILITY = YES_AGGRESSIVE;
				CLANG_WARN_UNREACHABLE_CODE = YES;
				CLANG_WARN__DUPLICATE_METHOD_MATCH = YES;
				COPY_PHASE_STRIP = NO;
				DEAD_CODE_STRIPPING = YES;
				DEBUG_INFORMATION_FORMAT = dwarf;
				DEVELOPMENT_TEAM = 964G86XT2P;
				ENABLE_STRICT_OBJC_MSGSEND = YES;
				ENABLE_TESTABILITY = YES;
				ENABLE_USER_SCRIPT_SANDBOXING = NO;
				GCC_C_LANGUAGE_STANDARD = gnu17;
				GCC_DYNAMIC_NO_PIC = NO;
				GCC_NO_COMMON_BLOCKS = YES;
				GCC_OPTIMIZATION_LEVEL = 0;
				GCC_PREPROCESSOR_DEFINITIONS = (
					"DEBUG=1",
					"$(inherited)",
				);
				GCC_WARN_64_TO_32_BIT_CONVERSION = YES;
				GCC_WARN_ABOUT_RETURN_TYPE = YES_ERROR;
				GCC_WARN_UNDECLARED_SELECTOR = YES;
				GCC_WARN_UNINITIALIZED_AUTOS = YES_AGGRESSIVE;
				GCC_WARN_UNUSED_FUNCTION = YES;
				GCC_WARN_UNUSED_VARIABLE = YES;
				LOCALIZATION_PREFERS_STRING_CATALOGS = YES;
				MACOSX_DEPLOYMENT_TARGET = 13.0;
				MTL_ENABLE_DEBUG_INFO = INCLUDE_SOURCE;
				MTL_FAST_MATH = YES;
				ONLY_ACTIVE_ARCH = YES;
				SDKROOT = macosx;
				STRING_CATALOG_GENERATE_SYMBOLS = YES;
				SWIFT_ACTIVE_COMPILATION_CONDITIONS = "DEBUG $(inherited)";
				SWIFT_EMIT_LOC_STRINGS = YES;
				SWIFT_OPTIMIZATION_LEVEL = "-Onone";
			};
			name = Debug;
		};
		5043818E2C3A86EC000ED325 /* Release */ = {
			isa = XCBuildConfiguration;
			buildSettings = {
				ALWAYS_SEARCH_USER_PATHS = NO;
				ASSETCATALOG_COMPILER_GENERATE_SWIFT_ASSET_SYMBOL_EXTENSIONS = YES;
				CLANG_ANALYZER_LOCALIZABILITY_NONLOCALIZED = YES;
				CLANG_ANALYZER_NONNULL = YES;
				CLANG_ANALYZER_NUMBER_OBJECT_CONVERSION = YES_AGGRESSIVE;
				CLANG_CXX_LANGUAGE_STANDARD = "gnu++20";
				CLANG_ENABLE_MODULES = YES;
				CLANG_ENABLE_OBJC_ARC = YES;
				CLANG_ENABLE_OBJC_WEAK = YES;
				CLANG_WARN_BLOCK_CAPTURE_AUTORELEASING = YES;
				CLANG_WARN_BOOL_CONVERSION = YES;
				CLANG_WARN_COMMA = YES;
				CLANG_WARN_CONSTANT_CONVERSION = YES;
				CLANG_WARN_DEPRECATED_OBJC_IMPLEMENTATIONS = YES;
				CLANG_WARN_DIRECT_OBJC_ISA_USAGE = YES_ERROR;
				CLANG_WARN_DOCUMENTATION_COMMENTS = YES;
				CLANG_WARN_EMPTY_BODY = YES;
				CLANG_WARN_ENUM_CONVERSION = YES;
				CLANG_WARN_INFINITE_RECURSION = YES;
				CLANG_WARN_INT_CONVERSION = YES;
				CLANG_WARN_NON_LITERAL_NULL_CONVERSION = YES;
				CLANG_WARN_OBJC_IMPLICIT_RETAIN_SELF = YES;
				CLANG_WARN_OBJC_LITERAL_CONVERSION = YES;
				CLANG_WARN_OBJC_ROOT_CLASS = YES_ERROR;
				CLANG_WARN_QUOTED_INCLUDE_IN_FRAMEWORK_HEADER = YES;
				CLANG_WARN_RANGE_LOOP_ANALYSIS = YES;
				CLANG_WARN_STRICT_PROTOTYPES = YES;
				CLANG_WARN_SUSPICIOUS_MOVE = YES;
				CLANG_WARN_UNGUARDED_AVAILABILITY = YES_AGGRESSIVE;
				CLANG_WARN_UNREACHABLE_CODE = YES;
				CLANG_WARN__DUPLICATE_METHOD_MATCH = YES;
				COPY_PHASE_STRIP = NO;
				DEAD_CODE_STRIPPING = YES;
				DEBUG_INFORMATION_FORMAT = "dwarf-with-dsym";
				DEVELOPMENT_TEAM = 964G86XT2P;
				ENABLE_NS_ASSERTIONS = NO;
				ENABLE_STRICT_OBJC_MSGSEND = YES;
				ENABLE_USER_SCRIPT_SANDBOXING = NO;
				GCC_C_LANGUAGE_STANDARD = gnu17;
				GCC_NO_COMMON_BLOCKS = YES;
				GCC_WARN_64_TO_32_BIT_CONVERSION = YES;
				GCC_WARN_ABOUT_RETURN_TYPE = YES_ERROR;
				GCC_WARN_UNDECLARED_SELECTOR = YES;
				GCC_WARN_UNINITIALIZED_AUTOS = YES_AGGRESSIVE;
				GCC_WARN_UNUSED_FUNCTION = YES;
				GCC_WARN_UNUSED_VARIABLE = YES;
				LOCALIZATION_PREFERS_STRING_CATALOGS = YES;
				MACOSX_DEPLOYMENT_TARGET = 13.0;
				MTL_ENABLE_DEBUG_INFO = NO;
				MTL_FAST_MATH = YES;
				SDKROOT = macosx;
				STRING_CATALOG_GENERATE_SYMBOLS = YES;
				SWIFT_COMPILATION_MODE = wholemodule;
				SWIFT_EMIT_LOC_STRINGS = YES;
			};
			name = Release;
		};
		504381902C3A86EC000ED325 /* Debug */ = {
			isa = XCBuildConfiguration;
			buildSettings = {
				ASSETCATALOG_COMPILER_APPICON_NAME = AppIcon;
				ASSETCATALOG_COMPILER_GLOBAL_ACCENT_COLOR_NAME = AccentColor;
				CODE_SIGN_ENTITLEMENTS = NotchDrop/NotchDrop.entitlements;
				"CODE_SIGN_IDENTITY[sdk=macosx*]" = "Apple Development";
				CODE_SIGN_STYLE = Automatic;
				COMBINE_HIDPI_IMAGES = YES;
				CURRENT_PROJECT_VERSION = 42;
				DEAD_CODE_STRIPPING = YES;
				ENABLE_APP_SANDBOX = NO;
				ENABLE_ENHANCED_SECURITY = YES;
				ENABLE_HARDENED_RUNTIME = YES;
				ENABLE_POINTER_AUTHENTICATION = NO;
				ENABLE_PREVIEWS = YES;
				ENABLE_USER_SELECTED_FILES = read-only;
				GENERATE_INFOPLIST_FILE = YES;
				INFOPLIST_FILE = NotchDrop/Info.plist;
				INFOPLIST_KEY_CFBundleDisplayName = NotchEvery;
				INFOPLIST_KEY_LSApplicationCategoryType = "public.app-category.utilities";
				INFOPLIST_KEY_NSHumanReadableCopyright = "Copyright © 2026 hahappyfu. All rights reserved.";
				LD_RUNPATH_SEARCH_PATHS = (
					"$(inherited)",
					"@executable_path/../Frameworks",
				);
				MACOSX_DEPLOYMENT_TARGET = 13.0;
				MARKETING_VERSION = 2.16;
				PRODUCT_BUNDLE_IDENTIFIER = com.hahappyfu.NotchEvery;
				PRODUCT_NAME = NotchEvery;
				SWIFT_OBJC_BRIDGING_HEADER = "NotchDrop/NotchEvery-Bridging-Header.h";
				SWIFT_EMIT_LOC_STRINGS = YES;
				SWIFT_VERSION = 5.0;
			};
			name = Debug;
		};
		504381912C3A86EC000ED325 /* Release */ = {
			isa = XCBuildConfiguration;
			buildSettings = {
				ASSETCATALOG_COMPILER_APPICON_NAME = AppIcon;
				ASSETCATALOG_COMPILER_GLOBAL_ACCENT_COLOR_NAME = AccentColor;
				CODE_SIGN_ENTITLEMENTS = NotchDrop/NotchDrop.entitlements;
				"CODE_SIGN_IDENTITY[sdk=macosx*]" = "Apple Development";
				CODE_SIGN_STYLE = Automatic;
				COMBINE_HIDPI_IMAGES = YES;
				CURRENT_PROJECT_VERSION = 42;
				DEAD_CODE_STRIPPING = YES;
				ENABLE_APP_SANDBOX = NO;
				ENABLE_ENHANCED_SECURITY = YES;
				ENABLE_HARDENED_RUNTIME = YES;
				ENABLE_POINTER_AUTHENTICATION = NO;
				ENABLE_PREVIEWS = YES;
				ENABLE_USER_SELECTED_FILES = read-only;
				EXCLUDED_SOURCE_FILE_NAMES = (
					"$(inherited)",
					"LookInsideServer*",
				);
				GENERATE_INFOPLIST_FILE = YES;
				INFOPLIST_FILE = NotchDrop/Info.plist;
				INFOPLIST_KEY_CFBundleDisplayName = NotchEvery;
				INFOPLIST_KEY_LSApplicationCategoryType = "public.app-category.utilities";
				INFOPLIST_KEY_NSHumanReadableCopyright = "Copyright © 2026 hahappyfu. All rights reserved.";
				LD_RUNPATH_SEARCH_PATHS = (
					"$(inherited)",
					"@executable_path/../Frameworks",
				);
				MACOSX_DEPLOYMENT_TARGET = 13.0;
				MARKETING_VERSION = 2.16;
				PRODUCT_BUNDLE_IDENTIFIER = com.hahappyfu.NotchEvery;
				PRODUCT_NAME = NotchEvery;
				SWIFT_OBJC_BRIDGING_HEADER = "NotchDrop/NotchEvery-Bridging-Header.h";
				SWIFT_EMIT_LOC_STRINGS = YES;
				SWIFT_VERSION = 5.0;
			};
			name = Release;
		};
		7AE10C0220260AB0000000A3 /* Debug */ = {
			isa = XCBuildConfiguration;
			buildSettings = {
				BUNDLE_LOADER = "$(TEST_HOST)";
				CODE_SIGN_STYLE = Automatic;
				DEVELOPMENT_TEAM = 964G86XT2P;
				GENERATE_INFOPLIST_FILE = YES;
				MACOSX_DEPLOYMENT_TARGET = 13.0;
				PRODUCT_BUNDLE_IDENTIFIER = com.hahappyfu.NotchEveryTests;
				PRODUCT_NAME = "$(TARGET_NAME)";
				SWIFT_EMIT_LOC_STRINGS = NO;
				SWIFT_VERSION = 5.0;
				TEST_HOST = "$(BUILT_PRODUCTS_DIR)/NotchEvery.app/Contents/MacOS/NotchEvery";
			};
			name = Debug;
		};
		7AE10C0220260AB0000000A4 /* Release */ = {
			isa = XCBuildConfiguration;
			buildSettings = {
				BUNDLE_LOADER = "$(TEST_HOST)";
				CODE_SIGN_STYLE = Automatic;
				DEVELOPMENT_TEAM = 964G86XT2P;
				GENERATE_INFOPLIST_FILE = YES;
				MACOSX_DEPLOYMENT_TARGET = 13.0;
				PRODUCT_BUNDLE_IDENTIFIER = com.hahappyfu.NotchEveryTests;
				PRODUCT_NAME = "$(TARGET_NAME)";
				SWIFT_EMIT_LOC_STRINGS = NO;
				SWIFT_VERSION = 5.0;
				TEST_HOST = "$(BUILT_PRODUCTS_DIR)/NotchEvery.app/Contents/MacOS/NotchEvery";
			};
			name = Release;
		};
/* End XCBuildConfiguration section */

/* Begin XCConfigurationList section */
		5043817B2C3A86EA000ED325 /* Build configuration list for PBXProject "NotchDrop" */ = {
			isa = XCConfigurationList;
			buildConfigurations = (
				5043818D2C3A86EC000ED325 /* Debug */,
				5043818E2C3A86EC000ED325 /* Release */,
			);
			defaultConfigurationIsVisible = 0;
			defaultConfigurationName = Release;
		};
		5043818F2C3A86EC000ED325 /* Build configuration list for PBXNativeTarget "NotchDrop" */ = {
			isa = XCConfigurationList;
			buildConfigurations = (
				504381902C3A86EC000ED325 /* Debug */,
				504381912C3A86EC000ED325 /* Release */,
			);
			defaultConfigurationIsVisible = 0;
			defaultConfigurationName = Release;
		};
		7AE10C0220260AB0000000A2 /* Build configuration list for PBXNativeTarget "NotchEveryTests" */ = {
			isa = XCConfigurationList;
			buildConfigurations = (
				7AE10C0220260AB0000000A3 /* Debug */,
				7AE10C0220260AB0000000A4 /* Release */,
			);
			defaultConfigurationIsVisible = 0;
			defaultConfigurationName = Release;
		};
/* End XCConfigurationList section */

/* Begin XCRemoteSwiftPackageReference section */
		0D0639E6F8CE7937970B1241 /* XCRemoteSwiftPackageReference "LookInside-Release" */ = {
			isa = XCRemoteSwiftPackageReference;
			repositoryURL = "https://github.com/LookInsideApp/LookInside-Release.git";
			requirement = {
				kind = upToNextMajorVersion;
				minimumVersion = 0.2.2;
			};
		};
		5044EE9A2C3B082300071C5C /* XCRemoteSwiftPackageReference "Pow" */ = {
			isa = XCRemoteSwiftPackageReference;
			repositoryURL = "https://github.com/EmergeTools/Pow";
			requirement = {
				kind = upToNextMajorVersion;
				minimumVersion = 1.0.6;
			};
		};
		5044EEA52C3B174100071C5C /* XCRemoteSwiftPackageReference "swift-collections" */ = {
			isa = XCRemoteSwiftPackageReference;
			repositoryURL = "https://github.com/apple/swift-collections.git";
			requirement = {
				kind = upToNextMajorVersion;
				minimumVersion = 1.3.0;
			};
		};
		504A5D7E2C59EC2D004E8297 /* XCRemoteSwiftPackageReference "LaunchAtLogin-Modern" */ = {
			isa = XCRemoteSwiftPackageReference;
			repositoryURL = "https://github.com/sindresorhus/LaunchAtLogin-Modern";
			requirement = {
				kind = upToNextMajorVersion;
				minimumVersion = 1.1.0;
			};
		};
/* End XCRemoteSwiftPackageReference section */

/* Begin XCSwiftPackageProductDependency section */
		5044EE9B2C3B082300071C5C /* Pow */ = {
			isa = XCSwiftPackageProductDependency;
			package = 5044EE9A2C3B082300071C5C /* XCRemoteSwiftPackageReference "Pow" */;
			productName = Pow;
		};
		5044EEA62C3B174100071C5C /* BitCollections */ = {
			isa = XCSwiftPackageProductDependency;
			package = 5044EEA52C3B174100071C5C /* XCRemoteSwiftPackageReference "swift-collections" */;
			productName = BitCollections;
		};
		5044EEA82C3B174100071C5C /* Collections */ = {
			isa = XCSwiftPackageProductDependency;
			package = 5044EEA52C3B174100071C5C /* XCRemoteSwiftPackageReference "swift-collections" */;
			productName = Collections;
		};
		5044EEAA2C3B174100071C5C /* DequeModule */ = {
			isa = XCSwiftPackageProductDependency;
			package = 5044EEA52C3B174100071C5C /* XCRemoteSwiftPackageReference "swift-collections" */;
			productName = DequeModule;
		};
		5044EEAC2C3B174100071C5C /* HashTreeCollections */ = {
			isa = XCSwiftPackageProductDependency;
			package = 5044EEA52C3B174100071C5C /* XCRemoteSwiftPackageReference "swift-collections" */;
			productName = HashTreeCollections;
		};
		5044EEAE2C3B174100071C5C /* HeapModule */ = {
			isa = XCSwiftPackageProductDependency;
			package = 5044EEA52C3B174100071C5C /* XCRemoteSwiftPackageReference "swift-collections" */;
			productName = HeapModule;
		};
		504A5D7F2C59EC2D004E8297 /* LaunchAtLogin */ = {
			isa = XCSwiftPackageProductDependency;
			package = 504A5D7E2C59EC2D004E8297 /* XCRemoteSwiftPackageReference "LaunchAtLogin-Modern" */;
			productName = LaunchAtLogin;
		};
		FCA8014702703782FB473265 /* LookInsideServer */ = {
			isa = XCSwiftPackageProductDependency;
			package = 0D0639E6F8CE7937970B1241 /* XCRemoteSwiftPackageReference "LookInside-Release" */;
			productName = LookInsideServer;
		};
/* End XCSwiftPackageProductDependency section */
	};
	rootObject = 504381782C3A86EA000ED325 /* Project object */;
}
